// !$*UTF8*$!
{
	archiveVersion = 1;
	classes = {
	};
	objectVersion = 77;
	objects = {

/* Begin PBXBuildFile section */
		B4273E812E17257A0052BBCC /* cards in Resources */ = {isa = PBXBuildFile; fileRef = B4273E802E17257A0052BBCC /* cards */; };
		B4273F212E1751900052BBCC /* docs in Resources */ = {isa = PBXBuildFile; fileRef = B4273F202E1751580052BBCC /* docs */; };
/* End PBXBuildFile section */

/* Begin PBXContainerItemProxy section */
		B4273C162E170AEE0052BBCC /* PBXContainerItemProxy */ = {
			isa = PBXContainerItemProxy;
			containerPortal = B4273BFF2E170AED0052BBCC /* Project object */;
			proxyType = 1;
			remoteGlobalIDString = B4273C062E170AED0052BBCC;
			remoteInfo = MathMastery;
		};
		B4273C202E170AEE0052BBCC /* PBXContainerItemProxy */ = {
			isa = PBXContainerItemProxy;
			containerPortal = B4273BFF2E170AED0052BBCC /* Project object */;
			proxyType = 1;
			remoteGlobalIDString = B4273C062E170AED0052BBCC;
			remoteInfo = MathMastery;
		};
/* End PBXContainerItemProxy section */

/* Begin PBXFileReference section */
		B4273C072E170AED0052BBCC /* MathMastery.app */ = {isa = PBXFileReference; explicitFileType = wrapper.application; includeInIndex = 0; path = MathMastery.app; sourceTree = BUILT_PRODUCTS_DIR; };
		B4273C152E170AEE0052BBCC /* MathMasteryTests.xctest */ = {isa = PBXFileReference; explicitFileType = wrapper.cfbundle; includeInIndex = 0; path = MathMasteryTests.xctest; sourceTree = BUILT_PRODUCTS_DIR; };
		B4273C1F2E170AEE0052BBCC /* MathMasteryUITests.xctest */ = {isa = PBXFileReference; explicitFileType = wrapper.cfbundle; includeInIndex = 0; path = MathMasteryUITests.xctest; sourceTree = BUILT_PRODUCTS_DIR; };
		B4273E802E17257A0052BBCC /* cards */ = {isa = PBXFileReference; lastKnownFileType = folder; path = cards; sourceTree = "<group>"; };
/* End PBXFileReference section */

/* Begin PBXFileSystemSynchronizedBuildFileExceptionSet section */
		B4273E7E2E17252C0052BBCC /* Exceptions for "cards" folder in "MathMastery" target */ = {
			isa = PBXFileSystemSynchronizedBuildFileExceptionSet;
			membershipExceptions = (
				unit_1/unit_1_index.json,
			);
			target = B4273C062E170AED0052BBCC /* MathMastery */;
		};
		B4273E7F2E17252C0052BBCC /* Exceptions for "MathMastery" folder in "MathMastery" target */ = {
			isa = PBXFileSystemSynchronizedBuildFileExceptionSet;
			membershipExceptions = (
				Assets.xcassets,
			);
			target = B4273C062E170AED0052BBCC /* MathMastery */;
		};
		B4273F6C2E1751900052BBCC /* Exceptions for "docs" folder in "MathMastery" target */ = {
			isa = PBXFileSystemSynchronizedBuildFileExceptionSet;
			membershipExceptions = (
				design/app_design.md,
				design/content_conversion_strategy.md,
				learning_plans/unit1/activities/quadratic_game_station.md,
				learning_plans/unit1/gamification_ideas/function_quest.md,
				learning_plans/unit1/lesson_content/lesson1_guide.md,
				learning_plans/unit1/lesson_content/lesson2_advanced_factoring.md,
				learning_plans/unit1/lesson_content/lesson3_functions_domain_range.md,
				learning_plans/unit1/lesson_content/lesson4_function_notation.md,
				learning_plans/unit1/lesson_content/lesson5_vertex_of_parabola.md,
				learning_plans/unit1/lesson_content/lesson6_maximum_minimum_values.md,
				learning_plans/unit1/lesson_content/lesson7_completing_the_square.md,
				learning_plans/unit1/lesson_content/lesson8_working_with_radicals.md,
				learning_plans/unit1/lesson_content/lesson9_solving_quadratics.md,
				learning_plans/unit1/lesson_content/lesson10_discriminant.md,
				learning_plans/unit1/lesson_content/lesson11_determining_quadratics_from_roots.md,
				learning_plans/unit1/lesson_content/lesson12_linear_quadratic_systems.md,
				learning_plans/unit1/lesson_content/lesson13_unit_review_part1.md,
				learning_plans/unit1/lesson_content/lesson13_unit_review_part2.md,
				learning_plans/unit1/lesson_plans/lesson1_functions_intro.md,
				learning_plans/unit1/quizzes/unit1_final_quiz.md,
				learning_plans/unit1/quizzes/unit1_mid_unit_quiz.md,
				learning_plans/unit1/README.md,
				learning_plans/unit1/Unit1_Lesson_Index.md,
				learning_plans/unit1/worksheets/lesson1_factoring_worksheet.md,
				learning_plans/unit1/worksheets/lesson3_functions_domain_range_worksheet.md,
				learning_plans/unit1/worksheets/lesson7_completing_square_worksheet.md,
				learning_plans/unit1/worksheets/lesson9_solving_quadratics_worksheet.md,
				learning_plans/unit2/lesson_content/lesson1_intro_to_exponential.md,
				learning_plans/unit2/lesson_content/lesson1_zero_negative_exponents.md,
				learning_plans/unit2/lesson_content/lesson2_rational_exponents.md,
				learning_plans/unit2/lesson_content/lesson3_simplifying_core.md,
				learning_plans/unit2/lesson_content/lesson4_solving_exponential_equations.md,
				learning_plans/unit2/lesson_content/lesson5_properties_of_exponential_graphs.md,
				learning_plans/unit2/lesson_content/lesson6_transformations_of_exponential_functions.md,
				learning_plans/unit2/lesson_content/lesson7_determining_equations_core.md,
				learning_plans/unit2/lesson_content/lesson8_doubling_halflife_core.md,
				learning_plans/unit2/lesson_content/lesson9_appreciation_depreciation_core.md,
				learning_plans/unit2/lesson_content/lesson10_growth_decay_applications_core.md,
				learning_plans/unit3/lesson_content/lesson1_intro_to_discrete.md,
				learning_plans/unit3/lesson_content/lesson1_sequences_core.md,
				learning_plans/unit3/lesson_content/lesson2_series_core.md,
				learning_plans/unit3/lesson_content/lesson3_more_sequences.md,
				learning_plans/unit3/lesson_content/lesson4_more_series_core.md,
				learning_plans/unit3/lesson_content/lesson5_recursive_functions_core.md,
				learning_plans/unit3/lesson_content/lesson6_pascals_triangle_core.md,
				learning_plans/unit4/lesson_content/lesson1_primary_reciprocal_trig_ratios.md,
				learning_plans/unit4/lesson_content/lesson2_special_triangles.md,
				learning_plans/unit4/lesson_content/lesson3_angles_0_to_90_core.md,
				learning_plans/unit4/lesson_content/lesson4_angles_90_to_360_core.md,
				learning_plans/unit4/lesson_content/lesson5_graphing_trig_functions_core.md,
				learning_plans/unit4/lesson_content/lesson6_solving_trig_equations_core.md,
				learning_plans/unit4/lesson_content/lesson7_sine_law_core.md,
				learning_plans/unit4/lesson_content/lesson8_cosine_law_core.md,
				learning_plans/unit4/lesson_content/lesson9_2d_applications_core.md,
				learning_plans/unit4/lesson_content/lesson10_3d_problems_review_core.md,
				learning_plans/unit4/quizzes/unit4_final_quiz.md,
				learning_plans/unit4/quizzes/unit4_mid_unit_quiz.md,
				learning_plans/unit4/worksheets/lesson1_primary_reciprocal_trig_ratios_worksheet.md,
				learning_plans/unit4/worksheets/lesson2_special_triangles_worksheet.md,
				learning_plans/unit4/worksheets/lesson3_angles_0_to_90_worksheet.md,
				learning_plans/unit4/worksheets/lesson4_angles_90_to_360_worksheet.md,
				learning_plans/unit4/worksheets/lesson5_graphing_trig_functions_worksheet.md,
				learning_plans/unit4/worksheets/lesson6_solving_trig_equations_worksheet.md,
				learning_plans/unit4/worksheets/lesson7_sine_law_worksheet.md,
				learning_plans/unit4/worksheets/lesson8_cosine_law_worksheet.md,
				learning_plans/unit4/worksheets/unit4_practice_worksheet.md,
				MCR3U_Outline.md,
				original/FunctionsCourseOutlineFeb2025.pdf,
				original/MathCurriculum.pdf,
				Teaching_Strategy.md,
				Unit1_Characteristics_of_Functions.md,
				Unit2_Exponential_Functions.md,
				Unit3_Discrete_Functions.md,
				Unit4_Trigonometric_Functions.md,
			);
			target = B4273C062E170AED0052BBCC /* MathMastery */;
		};
/* End PBXFileSystemSynchronizedBuildFileExceptionSet section */

/* Begin PBXFileSystemSynchronizedRootGroup section */
		B4273C092E170AED0052BBCC /* MathMastery */ = {
			isa = PBXFileSystemSynchronizedRootGroup;
			exceptions = (
				B4273E7F2E17252C0052BBCC /* Exceptions for "MathMastery" folder in "MathMastery" target */,
			);
			path = MathMastery;
			sourceTree = "<group>";
		};
		B4273C182E170AEE0052BBCC /* MathMasteryTests */ = {
			isa = PBXFileSystemSynchronizedRootGroup;
			path = MathMasteryTests;
			sourceTree = "<group>";
		};
		B4273C222E170AEE0052BBCC /* MathMasteryUITests */ = {
			isa = PBXFileSystemSynchronizedRootGroup;
			path = MathMasteryUITests;
			sourceTree = "<group>";
		};
		B4273E672E1724CC0052BBCC /* cards */ = {
			isa = PBXFileSystemSynchronizedRootGroup;
			exceptions = (
				B4273E7E2E17252C0052BBCC /* Exceptions for "cards" folder in "MathMastery" target */,
			);
			path = cards;
			sourceTree = "<group>";
		};
		B4273F202E1751580052BBCC /* docs */ = {
			isa = PBXFileSystemSynchronizedRootGroup;
			exceptions = (
				B4273F6C2E1751900052BBCC /* Exceptions for "docs" folder in "MathMastery" target */,
			);
			path = docs;
			sourceTree = "<group>";
		};
/* End PBXFileSystemSynchronizedRootGroup section */

/* Begin PBXFrameworksBuildPhase section */
		B4273C042E170AED0052BBCC /* Frameworks */ = {
			isa = PBXFrameworksBuildPhase;
			buildActionMask = 2147483647;
			files = (
			);
			runOnlyForDeploymentPostprocessing = 0;
		};
		B4273C122E170AEE0052BBCC /* Frameworks */ = {
			isa = PBXFrameworksBuildPhase;
			buildActionMask = 2147483647;
			files = (
			);
			runOnlyForDeploymentPostprocessing = 0;
		};
		B4273C1C2E170AEE0052BBCC /* Frameworks */ = {
			isa = PBXFrameworksBuildPhase;
			buildActionMask = 2147483647;
			files = (
			);
			runOnlyForDeploymentPostprocessing = 0;
		};
/* End PBXFrameworksBuildPhase section */

/* Begin PBXGroup section */
		B4273BFE2E170AED0052BBCC = {
			isa = PBXGroup;
			children = (
				B4273F202E1751580052BBCC /* docs */,
				B4273E672E1724CC0052BBCC /* cards */,
				B4273E802E17257A0052BBCC /* cards */,
				B4273C092E170AED0052BBCC /* MathMastery */,
				B4273C182E170AEE0052BBCC /* MathMasteryTests */,
				B4273C222E170AEE0052BBCC /* MathMasteryUITests */,
				B4273C082E170AED0052BBCC /* Products */,
			);
			sourceTree = "<group>";
		};
		B4273C082E170AED0052BBCC /* Products */ = {
			isa = PBXGroup;
			children = (
				B4273C072E170AED0052BBCC /* MathMastery.app */,
				B4273C152E170AEE0052BBCC /* MathMasteryTests.xctest */,
				B4273C1F2E170AEE0052BBCC /* MathMasteryUITests.xctest */,
			);
			name = Products;
			sourceTree = "<group>";
		};
/* End PBXGroup section */

/* Begin PBXNativeTarget section */
		B4273C062E170AED0052BBCC /* MathMastery */ = {
			isa = PBXNativeTarget;
			buildConfigurationList = B4273C292E170AEE0052BBCC /* Build configuration list for PBXNativeTarget "MathMastery" */;
			buildPhases = (
				B4273C032E170AED0052BBCC /* Sources */,
				B4273C042E170AED0052BBCC /* Frameworks */,
				B4273E7D2E17252C0052BBCC /* Resources */,
			);
			buildRules = (
			);
			dependencies = (
			);
			fileSystemSynchronizedGroups = (
				B4273C092E170AED0052BBCC /* MathMastery */,
				B4273E672E1724CC0052BBCC /* cards */,
				B4273F202E1751580052BBCC /* docs */,
			);
			name = MathMastery;
			packageProductDependencies = (
			);
			productName = MathMastery;
			productReference = B4273C072E170AED0052BBCC /* MathMastery.app */;
			productType = "com.apple.product-type.application";
		};
		B4273C142E170AEE0052BBCC /* MathMasteryTests */ = {
			isa = PBXNativeTarget;
			buildConfigurationList = B4273C2C2E170AEE0052BBCC /* Build configuration list for PBXNativeTarget "MathMasteryTests" */;
			buildPhases = (
				B4273C112E170AEE0052BBCC /* Sources */,
				B4273C122E170AEE0052BBCC /* Frameworks */,
				B4273C132E170AEE0052BBCC /* Resources */,
			);
			buildRules = (
			);
			dependencies = (
				B4273C172E170AEE0052BBCC /* PBXTargetDependency */,
			);
			fileSystemSynchronizedGroups = (
				B4273C182E170AEE0052BBCC /* MathMasteryTests */,
			);
			name = MathMasteryTests;
			packageProductDependencies = (
			);
			productName = MathMasteryTests;
			productReference = B4273C152E170AEE0052BBCC /* MathMasteryTests.xctest */;
			productType = "com.apple.product-type.bundle.unit-test";
		};
		B4273C1E2E170AEE0052BBCC /* MathMasteryUITests */ = {
			isa = PBXNativeTarget;
			buildConfigurationList = B4273C2F2E170AEE0052BBCC /* Build configuration list for PBXNativeTarget "MathMasteryUITests" */;
			buildPhases = (
				B4273C1B2E170AEE0052BBCC /* Sources */,
				B4273C1C2E170AEE0052BBCC /* Frameworks */,
				B4273C1D2E170AEE0052BBCC /* Resources */,
			);
			buildRules = (
			);
			dependencies = (
				B4273C212E170AEE0052BBCC /* PBXTargetDependency */,
			);
			fileSystemSynchronizedGroups = (
				B4273C222E170AEE0052BBCC /* MathMasteryUITests */,
			);
			name = MathMasteryUITests;
			packageProductDependencies = (
			);
			productName = MathMasteryUITests;
			productReference = B4273C1F2E170AEE0052BBCC /* MathMasteryUITests.xctest */;
			productType = "com.apple.product-type.bundle.ui-testing";
		};
/* End PBXNativeTarget section */

/* Begin PBXProject section */
		B4273BFF2E170AED0052BBCC /* Project object */ = {
			isa = PBXProject;
			attributes = {
				BuildIndependentTargetsInParallel = 1;
				LastSwiftUpdateCheck = 1640;
				LastUpgradeCheck = 1640;
				TargetAttributes = {
					B4273C062E170AED0052BBCC = {
						CreatedOnToolsVersion = 16.4;
					};
					B4273C142E170AEE0052BBCC = {
						CreatedOnToolsVersion = 16.4;
						TestTargetID = B4273C062E170AED0052BBCC;
					};
					B4273C1E2E170AEE0052BBCC = {
						CreatedOnToolsVersion = 16.4;
						TestTargetID = B4273C062E170AED0052BBCC;
					};
				};
			};
			buildConfigurationList = B4273C022E170AED0052BBCC /* Build configuration list for PBXProject "MathMastery" */;
			developmentRegion = en;
			hasScannedForEncodings = 0;
			knownRegions = (
				en,
				Base,
			);
			mainGroup = B4273BFE2E170AED0052BBCC;
			minimizedProjectReferenceProxies = 1;
			preferredProjectObjectVersion = 77;
			productRefGroup = B4273C082E170AED0052BBCC /* Products */;
			projectDirPath = "";
			projectRoot = "";
			targets = (
				B4273C062E170AED0052BBCC /* MathMastery */,
				B4273C142E170AEE0052BBCC /* MathMasteryTests */,
				B4273C1E2E170AEE0052BBCC /* MathMasteryUITests */,
			);
		};
/* End PBXProject section */

/* Begin PBXResourcesBuildPhase section */
		B4273C132E170AEE0052BBCC /* Resources */ = {
			isa = PBXResourcesBuildPhase;
			buildActionMask = 2147483647;
			files = (
			);
			runOnlyForDeploymentPostprocessing = 0;
		};
		B4273C1D2E170AEE0052BBCC /* Resources */ = {
			isa = PBXResourcesBuildPhase;
			buildActionMask = 2147483647;
			files = (
			);
			runOnlyForDeploymentPostprocessing = 0;
		};
		B4273E7D2E17252C0052BBCC /* Resources */ = {
			isa = PBXResourcesBuildPhase;
			buildActionMask = 2147483647;
			files = (
				B4273E812E17257A0052BBCC /* cards in Resources */,
				B4273F212E1751900052BBCC /* docs in Resources */,
			);
			runOnlyForDeploymentPostprocessing = 0;
		};
/* End PBXResourcesBuildPhase section */

/* Begin PBXSourcesBuildPhase section */
		B4273C032E170AED0052BBCC /* Sources */ = {
			isa = PBXSourcesBuildPhase;
			buildActionMask = 2147483647;
			files = (
			);
			runOnlyForDeploymentPostprocessing = 0;
		};
		B4273C112E170AEE0052BBCC /* Sources */ = {
			isa = PBXSourcesBuildPhase;
			buildActionMask = 2147483647;
			files = (
			);
			runOnlyForDeploymentPostprocessing = 0;
		};
		B4273C1B2E170AEE0052BBCC /* Sources */ = {
			isa = PBXSourcesBuildPhase;
			buildActionMask = 2147483647;
			files = (
			);
			runOnlyForDeploymentPostprocessing = 0;
		};
/* End PBXSourcesBuildPhase section */

/* Begin PBXTargetDependency section */
		B4273C172E170AEE0052BBCC /* PBXTargetDependency */ = {
			isa = PBXTargetDependency;
			target = B4273C062E170AED0052BBCC /* MathMastery */;
			targetProxy = B4273C162E170AEE0052BBCC /* PBXContainerItemProxy */;
		};
		B4273C212E170AEE0052BBCC /* PBXTargetDependency */ = {
			isa = PBXTargetDependency;
			target = B4273C062E170AED0052BBCC /* MathMastery */;
			targetProxy = B4273C202E170AEE0052BBCC /* PBXContainerItemProxy */;
		};
/* End PBXTargetDependency section */

/* Begin XCBuildConfiguration section */
		B4273C272E170AEE0052BBCC /* Debug */ = {
			isa = XCBuildConfiguration;
			buildSettings = {
				ALWAYS_SEARCH_USER_PATHS = NO;
				ASSETCATALOG_COMPILER_GENERATE_SWIFT_ASSET_SYMBOL_EXTENSIONS = YES;
				CLANG_ANALYZER_NONNULL = YES;
				CLANG_ANALYZER_NUMBER_OBJECT_CONVERSION = YES_AGGRESSIVE;
				CLANG_CXX_LANGUAGE_STANDARD = "gnu++20";
				CLANG_ENABLE_MODULES = YES;
				CLANG_ENABLE_OBJC_ARC = YES;
				CLANG_ENABLE_OBJC_WEAK = YES;
				CLANG_WARN_BLOCK_CAPTURE_AUTORELEASING = YES;
				CLANG_WARN_BOOL_CONVERSION = YES;
				CLANG_WARN_COMMA = YES;
				CLANG_WARN_CONSTANT_CONVERSION = YES;
				CLANG_WARN_DEPRECATED_OBJC_IMPLEMENTATIONS = YES;
				CLANG_WARN_DIRECT_OBJC_ISA_USAGE = YES_ERROR;
				CLANG_WARN_DOCUMENTATION_COMMENTS = YES;
				CLANG_WARN_EMPTY_BODY = YES;
				CLANG_WARN_ENUM_CONVERSION = YES;
				CLANG_WARN_INFINITE_RECURSION = YES;
				CLANG_WARN_INT_CONVERSION = YES;
				CLANG_WARN_NON_LITERAL_NULL_CONVERSION = YES;
				CLANG_WARN_OBJC_IMPLICIT_RETAIN_SELF = YES;
				CLANG_WARN_OBJC_LITERAL_CONVERSION = YES;
				CLANG_WARN_OBJC_ROOT_CLASS = YES_ERROR;
				CLANG_WARN_QUOTED_INCLUDE_IN_FRAMEWORK_HEADER = YES;
				CLANG_WARN_RANGE_LOOP_ANALYSIS = YES;
				CLANG_WARN_STRICT_PROTOTYPES = YES;
				CLANG_WARN_SUSPICIOUS_MOVE = YES;
				CLANG_WARN_UNGUARDED_AVAILABILITY = YES_AGGRESSIVE;
				CLANG_WARN_UNREACHABLE_CODE = YES;
				CLANG_WARN__DUPLICATE_METHOD_MATCH = YES;
				COPY_PHASE_STRIP = NO;
				DEBUG_INFORMATION_FORMAT = dwarf;
				ENABLE_STRICT_OBJC_MSGSEND = YES;
				ENABLE_TESTABILITY = YES;
				ENABLE_USER_SCRIPT_SANDBOXING = YES;
				GCC_C_LANGUAGE_STANDARD = gnu17;
				GCC_DYNAMIC_NO_PIC = NO;
				GCC_NO_COMMON_BLOCKS = YES;
				GCC_OPTIMIZATION_LEVEL = 0;
				GCC_PREPROCESSOR_DEFINITIONS = (
					"DEBUG=1",
					"$(inherited)",
				);
				GCC_WARN_64_TO_32_BIT_CONVERSION = YES;
				GCC_WARN_ABOUT_RETURN_TYPE = YES_ERROR;
				GCC_WARN_UNDECLARED_SELECTOR = YES;
				GCC_WARN_UNINITIALIZED_AUTOS = YES_AGGRESSIVE;
				GCC_WARN_UNUSED_FUNCTION = YES;
				GCC_WARN_UNUSED_VARIABLE = YES;
				LOCALIZATION_PREFERS_STRING_CATALOGS = YES;
				MACOSX_DEPLOYMENT_TARGET = 15.5;
				MTL_ENABLE_DEBUG_INFO = INCLUDE_SOURCE;
				MTL_FAST_MATH = YES;
				ONLY_ACTIVE_ARCH = YES;
				SDKROOT = macosx;
				SWIFT_ACTIVE_COMPILATION_CONDITIONS = "DEBUG $(inherited)";
				SWIFT_OPTIMIZATION_LEVEL = "-Onone";
			};
			name = Debug;
		};
		B4273C282E170AEE0052BBCC /* Release */ = {
			isa = XCBuildConfiguration;
			buildSettings = {
				ALWAYS_SEARCH_USER_PATHS = NO;
				ASSETCATALOG_COMPILER_GENERATE_SWIFT_ASSET_SYMBOL_EXTENSIONS = YES;
				CLANG_ANALYZER_NONNULL = YES;
				CLANG_ANALYZER_NUMBER_OBJECT_CONVERSION = YES_AGGRESSIVE;
				CLANG_CXX_LANGUAGE_STANDARD = "gnu++20";
				CLANG_ENABLE_MODULES = YES;
				CLANG_ENABLE_OBJC_ARC = YES;
				CLANG_ENABLE_OBJC_WEAK = YES;
				CLANG_WARN_BLOCK_CAPTURE_AUTORELEASING = YES;
				CLANG_WARN_BOOL_CONVERSION = YES;
				CLANG_WARN_COMMA = YES;
				CLANG_WARN_CONSTANT_CONVERSION = YES;
				CLANG_WARN_DEPRECATED_OBJC_IMPLEMENTATIONS = YES;
				CLANG_WARN_DIRECT_OBJC_ISA_USAGE = YES_ERROR;
				CLANG_WARN_DOCUMENTATION_COMMENTS = YES;
				CLANG_WARN_EMPTY_BODY = YES;
				CLANG_WARN_ENUM_CONVERSION = YES;
				CLANG_WARN_INFINITE_RECURSION = YES;
				CLANG_WARN_INT_CONVERSION = YES;
				CLANG_WARN_NON_LITERAL_NULL_CONVERSION = YES;
				CLANG_WARN_OBJC_IMPLICIT_RETAIN_SELF = YES;
				CLANG_WARN_OBJC_LITERAL_CONVERSION = YES;
				CLANG_WARN_OBJC_ROOT_CLASS = YES_ERROR;
				CLANG_WARN_QUOTED_INCLUDE_IN_FRAMEWORK_HEADER = YES;
				CLANG_WARN_RANGE_LOOP_ANALYSIS = YES;
				CLANG_WARN_STRICT_PROTOTYPES = YES;
				CLANG_WARN_SUSPICIOUS_MOVE = YES;
				CLANG_WARN_UNGUARDED_AVAILABILITY = YES_AGGRESSIVE;
				CLANG_WARN_UNREACHABLE_CODE = YES;
				CLANG_WARN__DUPLICATE_METHOD_MATCH = YES;
				COPY_PHASE_STRIP = NO;
				DEBUG_INFORMATION_FORMAT = "dwarf-with-dsym";
				ENABLE_NS_ASSERTIONS = NO;
				ENABLE_STRICT_OBJC_MSGSEND = YES;
				ENABLE_USER_SCRIPT_SANDBOXING = YES;
				GCC_C_LANGUAGE_STANDARD = gnu17;
				GCC_NO_COMMON_BLOCKS = YES;
				GCC_WARN_64_TO_32_BIT_CONVERSION = YES;
				GCC_WARN_ABOUT_RETURN_TYPE = YES_ERROR;
				GCC_WARN_UNDECLARED_SELECTOR = YES;
				GCC_WARN_UNINITIALIZED_AUTOS = YES_AGGRESSIVE;
				GCC_WARN_UNUSED_FUNCTION = YES;
				GCC_WARN_UNUSED_VARIABLE = YES;
				LOCALIZATION_PREFERS_STRING_CATALOGS = YES;
				MACOSX_DEPLOYMENT_TARGET = 15.5;
				MTL_ENABLE_DEBUG_INFO = NO;
				MTL_FAST_MATH = YES;
				SDKROOT = macosx;
				SWIFT_COMPILATION_MODE = wholemodule;
			};
			name = Release;
		};
		B4273C2A2E170AEE0052BBCC /* Debug */ = {
			isa = XCBuildConfiguration;
			buildSettings = {
				ASSETCATALOG_COMPILER_APPICON_NAME = AppIcon;
				ASSETCATALOG_COMPILER_GLOBAL_ACCENT_COLOR_NAME = AccentColor;
				CODE_SIGN_ENTITLEMENTS = MathMastery/MathMastery.entitlements;
				CODE_SIGN_STYLE = Automatic;
				COMBINE_HIDPI_IMAGES = YES;
				CURRENT_PROJECT_VERSION = 1;
				ENABLE_PREVIEWS = YES;
				GENERATE_INFOPLIST_FILE = YES;
				INFOPLIST_KEY_NSHumanReadableCopyright = "";
				LD_RUNPATH_SEARCH_PATHS = (
					"$(inherited)",
					"@executable_path/../Frameworks",
				);
				MARKETING_VERSION = 1.0;
				PRODUCT_BUNDLE_IDENTIFIER = gunning.MathMastery;
				PRODUCT_NAME = "$(TARGET_NAME)";
				REGISTER_APP_GROUPS = YES;
				SWIFT_EMIT_LOC_STRINGS = YES;
				SWIFT_VERSION = 5.0;
			};
			name = Debug;
		};
		B4273C2B2E170AEE0052BBCC /* Release */ = {
			isa = XCBuildConfiguration;
			buildSettings = {
				ASSETCATALOG_COMPILER_APPICON_NAME = AppIcon;
				ASSETCATALOG_COMPILER_GLOBAL_ACCENT_COLOR_NAME = AccentColor;
				CODE_SIGN_ENTITLEMENTS = MathMastery/MathMastery.entitlements;
				CODE_SIGN_STYLE = Automatic;
				COMBINE_HIDPI_IMAGES = YES;
				CURRENT_PROJECT_VERSION = 1;
				ENABLE_PREVIEWS = YES;
				GENERATE_INFOPLIST_FILE = YES;
				INFOPLIST_KEY_NSHumanReadableCopyright = "";
				LD_RUNPATH_SEARCH_PATHS = (
					"$(inherited)",
					"@executable_path/../Frameworks",
				);
				MARKETING_VERSION = 1.0;
				PRODUCT_BUNDLE_IDENTIFIER = gunning.MathMastery;
				PRODUCT_NAME = "$(TARGET_NAME)";
				REGISTER_APP_GROUPS = YES;
				SWIFT_EMIT_LOC_STRINGS = YES;
				SWIFT_VERSION = 5.0;
			};
			name = Release;
		};
		B4273C2D2E170AEE0052BBCC /* Debug */ = {
			isa = XCBuildConfiguration;
			buildSettings = {
				BUNDLE_LOADER = "$(TEST_HOST)";
				CODE_SIGN_STYLE = Automatic;
				CURRENT_PROJECT_VERSION = 1;
				GENERATE_INFOPLIST_FILE = YES;
				MACOSX_DEPLOYMENT_TARGET = 15.5;
				MARKETING_VERSION = 1.0;
				PRODUCT_BUNDLE_IDENTIFIER = gunning.MathMasteryTests;
				PRODUCT_NAME = "$(TARGET_NAME)";
				SWIFT_EMIT_LOC_STRINGS = NO;
				SWIFT_VERSION = 5.0;
				TEST_HOST = "$(BUILT_PRODUCTS_DIR)/MathMastery.app/$(BUNDLE_EXECUTABLE_FOLDER_PATH)/MathMastery";
			};
			name = Debug;
		};
		B4273C2E2E170AEE0052BBCC /* Release */ = {
			isa = XCBuildConfiguration;
			buildSettings = {
				BUNDLE_LOADER = "$(TEST_HOST)";
				CODE_SIGN_STYLE = Automatic;
				CURRENT_PROJECT_VERSION = 1;
				GENERATE_INFOPLIST_FILE = YES;
				MACOSX_DEPLOYMENT_TARGET = 15.5;
				MARKETING_VERSION = 1.0;
				PRODUCT_BUNDLE_IDENTIFIER = gunning.MathMasteryTests;
				PRODUCT_NAME = "$(TARGET_NAME)";
				SWIFT_EMIT_LOC_STRINGS = NO;
				SWIFT_VERSION = 5.0;
				TEST_HOST = "$(BUILT_PRODUCTS_DIR)/MathMastery.app/$(BUNDLE_EXECUTABLE_FOLDER_PATH)/MathMastery";
			};
			name = Release;
		};
		B4273C302E170AEE0052BBCC /* Debug */ = {
			isa = XCBuildConfiguration;
			buildSettings = {
				CODE_SIGN_STYLE = Automatic;
				CURRENT_PROJECT_VERSION = 1;
				GENERATE_INFOPLIST_FILE = YES;
				MARKETING_VERSION = 1.0;
				PRODUCT_BUNDLE_IDENTIFIER = gunning.MathMasteryUITests;
				PRODUCT_NAME = "$(TARGET_NAME)";
				SWIFT_EMIT_LOC_STRINGS = NO;
				SWIFT_VERSION = 5.0;
				TEST_TARGET_NAME = MathMastery;
			};
			name = Debug;
		};
		B4273C312E170AEE0052BBCC /* Release */ = {
			isa = XCBuildConfiguration;
			buildSettings = {
				CODE_SIGN_STYLE = Automatic;
				CURRENT_PROJECT_VERSION = 1;
				GENERATE_INFOPLIST_FILE = YES;
				MARKETING_VERSION = 1.0;
				PRODUCT_BUNDLE_IDENTIFIER = gunning.MathMasteryUITests;
				PRODUCT_NAME = "$(TARGET_NAME)";
				SWIFT_EMIT_LOC_STRINGS = NO;
				SWIFT_VERSION = 5.0;
				TEST_TARGET_NAME = MathMastery;
			};
			name = Release;
		};
/* End XCBuildConfiguration section */

/* Begin XCConfigurationList section */
		B4273C022E170AED0052BBCC /* Build configuration list for PBXProject "MathMastery" */ = {
			isa = XCConfigurationList;
			buildConfigurations = (
				B4273C272E170AEE0052BBCC /* Debug */,
				B4273C282E170AEE0052BBCC /* Release */,
			);
			defaultConfigurationIsVisible = 0;
			defaultConfigurationName = Release;
		};
		B4273C292E170AEE0052BBCC /* Build configuration list for PBXNativeTarget "MathMastery" */ = {
			isa = XCConfigurationList;
			buildConfigurations = (
				B4273C2A2E170AEE0052BBCC /* Debug */,
				B4273C2B2E170AEE0052BBCC /* Release */,
			);
			defaultConfigurationIsVisible = 0;
			defaultConfigurationName = Release;
		};
		B4273C2C2E170AEE0052BBCC /* Build configuration list for PBXNativeTarget "MathMasteryTests" */ = {
			isa = XCConfigurationList;
			buildConfigurations = (
				B4273C2D2E170AEE0052BBCC /* Debug */,
				B4273C2E2E170AEE0052BBCC /* Release */,
			);
			defaultConfigurationIsVisible = 0;
			defaultConfigurationName = Release;
		};
		B4273C2F2E170AEE0052BBCC /* Build configuration list for PBXNativeTarget "MathMasteryUITests" */ = {
			isa = XCConfigurationList;
			buildConfigurations = (
				B4273C302E170AEE0052BBCC /* Debug */,
				B4273C312E170AEE0052BBCC /* Release */,
			);
			defaultConfigurationIsVisible = 0;
			defaultConfigurationName = Release;
		};
/* End XCConfigurationList section */
	};
	rootObject = B4273BFF2E170AED0052BBCC /* Project object */;
}
